<?xml version="1.0" encoding="utf-8"?>
<Project ToolsVersion="4.0" xmlns="http://schemas.microsoft.com/developer/msbuild/2003">
  <ItemGroup>
    <Filter Include="Source Files">
      <UniqueIdentifier>{4FC737F1-C7A5-4376-A066-2A32D752A2FF}</UniqueIdentifier>
      <Extensions>cpp;c;cc;cxx;c++;cppm;ixx;def;odl;idl;hpj;bat;asm;asmx</Extensions>
    </Filter>
    <Filter Include="Header Files">
      <UniqueIdentifier>{93995380-89BD-4b04-88EB-625FBE52EBFB}</UniqueIdentifier>
      <Extensions>h;hh;hpp;hxx;h++;hm;inl;inc;ipp;xsd</Extensions>
    </Filter>
    <Filter Include="Resource Files">
      <UniqueIdentifier>{67DA6AB6-F800-4c08-8B7A-83BB121AAD01}</UniqueIdentifier>
      <Extensions>rc;ico;cur;bmp;dlg;rc2;rct;bin;rgs;gif;jpg;jpeg;jpe;resx;tiff;tif;png;wav;mfcribbon-ms</Extensions>
    </Filter>
    <Filter Include="Header Files\MainGame">
      <UniqueIdentifier>{92ecfa01-02af-4bc8-97b5-07b8579302ce}</UniqueIdentifier>
    </Filter>
    <Filter Include="Source Files\MainGame">
      <UniqueIdentifier>{44c9390e-2215-4e05-bacd-cb482b130b13}</UniqueIdentifier>
    </Filter>
    <Filter Include="Header Files\MainGame\GameEntities">
      <UniqueIdentifier>{45eac6dd-cd66-446d-8750-a0acd7f926f8}</UniqueIdentifier>
    </Filter>
    <Filter Include="Source Files\MainGame\GameEntities">
      <UniqueIdentifier>{d4925bcc-ae5c-4535-ac8e-a21838ef7223}</UniqueIdentifier>
    </Filter>
    <Filter Include="Header Files\MainGame\GameLevel">
      <UniqueIdentifier>{1f83d974-c084-4ef4-9ea8-5ffebe07bb3f}</UniqueIdentifier>
    </Filter>
    <Filter Include="Source Files\MainGame\GameLevel">
      <UniqueIdentifier>{50277e3c-8bc6-45b8-9076-2419be780b50}</UniqueIdentifier>
    </Filter>
    <Filter Include="Header Files\MainGame\FileHandler">
      <UniqueIdentifier>{b5656e7c-8e68-4786-ba59-a1e30779e4ec}</UniqueIdentifier>
    </Filter>
    <Filter Include="Source Files\MainGame\FileHandler">
      <UniqueIdentifier>{40bc2b05-58e1-4976-96f8-01ce7244bf55}</UniqueIdentifier>
    </Filter>
  </ItemGroup>
  <ItemGroup>
    <ClCompile Include="MainEntryPoint.cpp">
      <Filter>Source Files</Filter>
    </ClCompile>
    <ClCompile Include="MainGame.cpp">
      <Filter>Source Files</Filter>
    </ClCompile>
    <ClCompile Include="GameBuilder.cpp">
      <Filter>Source Files</Filter>
    </ClCompile>
    <ClCompile Include="GameLevel.cpp">
      <Filter>Source Files\MainGame\GameLevel</Filter>
    </ClCompile>
    <ClCompile Include="BaseEntity.cpp">
      <Filter>Source Files\MainGame\GameEntities</Filter>
    </ClCompile>
    <ClCompile Include="TileObject.cpp">
      <Filter>Source Files\MainGame\GameLevel</Filter>
    </ClCompile>
    <ClCompile Include="FileHandler.cpp">
      <Filter>Source Files\MainGame\FileHandler</Filter>
    </ClCompile>
    <ClCompile Include="BaseGameObject.cpp">
      <Filter>Source Files</Filter>
    </ClCompile>
  </ItemGroup>
  <ItemGroup>
    <ClInclude Include="MainGame.h">
      <Filter>Header Files\MainGame</Filter>
    </ClInclude>
    <ClInclude Include="GameBuilder.h">
      <Filter>Header Files\MainGame</Filter>
    </ClInclude>
    <ClInclude Include="STL_Components.h">
      <Filter>Header Files</Filter>
    </ClInclude>
    <ClInclude Include="Constants.h">
      <Filter>Header Files\MainGame</Filter>
    </ClInclude>
    <ClInclude Include="GameLevel.h">
      <Filter>Header Files\MainGame\GameLevel</Filter>
    </ClInclude>
    <ClInclude Include="BaseEntity.h">
      <Filter>Header Files\MainGame\GameEntities</Filter>
    </ClInclude>
    <ClInclude Include="TileObject.h">
      <Filter>Header Files\MainGame\GameLevel</Filter>
    </ClInclude>
    <ClInclude Include="FileHandler.h">
      <Filter>Header Files\MainGame\FileHandler</Filter>
    </ClInclude>
    <ClInclude Include="BaseGameObject.h">
      <Filter>Header Files</Filter>
    </ClInclude>
  </ItemGroup>
  <ItemGroup>
    <None Include="packages.config" />
  </ItemGroup>
</Project>